// !$*UTF8*$!
{
	archiveVersion = 1;
	classes = {
	};
	objectVersion = 50;
	objects = {

/* Begin PBXBuildFile section */
		6C2F0E1223B163820022E854 /* AppDelegate.swift in Sources */ = {isa = PBXBuildFile; fileRef = 6C2F0E1123B163820022E854 /* AppDelegate.swift */; };
		6C2F0E1423B163820022E854 /* SceneDelegate.swift in Sources */ = {isa = PBXBuildFile; fileRef = 6C2F0E1323B163820022E854 /* SceneDelegate.swift */; };
		6C2F0E1623B163820022E854 /* ViewController.swift in Sources */ = {isa = PBXBuildFile; fileRef = 6C2F0E1523B163820022E854 /* ViewController.swift */; };
		6C2F0E1B23B163890022E854 /* Assets.xcassets in Resources */ = {isa = PBXBuildFile; fileRef = 6C2F0E1A23B163890022E854 /* Assets.xcassets */; };
		6C2F0E1E23B163890022E854 /* LaunchScreen.storyboard in Resources */ = {isa = PBXBuildFile; fileRef = 6C2F0E1C23B163890022E854 /* LaunchScreen.storyboard */; };
		6C7DB2AF23B2744D00D5DA0B /* MainTabViewController.swift in Sources */ = {isa = PBXBuildFile; fileRef = 6C7DB2AE23B2744D00D5DA0B /* MainTabViewController.swift */; };
		6C7DB2C623B2789A00D5DA0B /* ViewController+CollectionView.swift in Sources */ = {isa = PBXBuildFile; fileRef = 6C7DB2C523B2789A00D5DA0B /* ViewController+CollectionView.swift */; };
		6C7DB2C823B27BD400D5DA0B /* CustomCell.swift in Sources */ = {isa = PBXBuildFile; fileRef = 6C7DB2C723B27BD400D5DA0B /* CustomCell.swift */; };
		6C7DB2CA23B2930E00D5DA0B /* DetailsViewController.swift in Sources */ = {isa = PBXBuildFile; fileRef = 6C7DB2C923B2930E00D5DA0B /* DetailsViewController.swift */; };
		6CA7ABE223B295E700E17570 /* CardGroupSliding.swift in Sources */ = {isa = PBXBuildFile; fileRef = 6CA7ABD823B295E700E17570 /* CardGroupSliding.swift */; };
		6CA7ABE323B295E700E17570 /* DetailViewController.swift in Sources */ = {isa = PBXBuildFile; fileRef = 6CA7ABD923B295E700E17570 /* DetailViewController.swift */; };
		6CA7ABE423B295E700E17570 /* Card.swift in Sources */ = {isa = PBXBuildFile; fileRef = 6CA7ABDA23B295E700E17570 /* Card.swift */; };
		6CA7ABE523B295E700E17570 /* CardPlayer.swift in Sources */ = {isa = PBXBuildFile; fileRef = 6CA7ABDB23B295E700E17570 /* CardPlayer.swift */; };
		6CA7ABE623B295E700E17570 /* CardHighlight.swift in Sources */ = {isa = PBXBuildFile; fileRef = 6CA7ABDC23B295E700E17570 /* CardHighlight.swift */; };
		6CA7ABE723B295E700E17570 /* Animator.swift in Sources */ = {isa = PBXBuildFile; fileRef = 6CA7ABDD23B295E700E17570 /* Animator.swift */; };
		6CA7ABE823B295E700E17570 /* LayoutHelper.swift in Sources */ = {isa = PBXBuildFile; fileRef = 6CA7ABDE23B295E700E17570 /* LayoutHelper.swift */; };
		6CA7ABE923B295E700E17570 /* CardGroup.swift in Sources */ = {isa = PBXBuildFile; fileRef = 6CA7ABDF23B295E700E17570 /* CardGroup.swift */; };
		6CA7ABEA23B295E700E17570 /* CardArticle.swift in Sources */ = {isa = PBXBuildFile; fileRef = 6CA7ABE023B295E700E17570 /* CardArticle.swift */; };
		6CA7ABEB23B295E700E17570 /* Player_by_Patric_Piemonte.swift in Sources */ = {isa = PBXBuildFile; fileRef = 6CA7ABE123B295E700E17570 /* Player_by_Patric_Piemonte.swift */; };
/* End PBXBuildFile section */

/* Begin PBXFileReference section */
		6C2F0E0E23B163820022E854 /* NewsAPI.app */ = {isa = PBXFileReference; explicitFileType = wrapper.application; includeInIndex = 0; path = NewsAPI.app; sourceTree = BUILT_PRODUCTS_DIR; };
		6C2F0E1123B163820022E854 /* AppDelegate.swift */ = {isa = PBXFileReference; lastKnownFileType = sourcecode.swift; path = AppDelegate.swift; sourceTree = "<group>"; };
		6C2F0E1323B163820022E854 /* SceneDelegate.swift */ = {isa = PBXFileReference; lastKnownFileType = sourcecode.swift; path = SceneDelegate.swift; sourceTree = "<group>"; };
		6C2F0E1523B163820022E854 /* ViewController.swift */ = {isa = PBXFileReference; lastKnownFileType = sourcecode.swift; path = ViewController.swift; sourceTree = "<group>"; };
		6C2F0E1A23B163890022E854 /* Assets.xcassets */ = {isa = PBXFileReference; lastKnownFileType = folder.assetcatalog; path = Assets.xcassets; sourceTree = "<group>"; };
		6C2F0E1D23B163890022E854 /* Base */ = {isa = PBXFileReference; lastKnownFileType = file.storyboard; name = Base; path = Base.lproj/LaunchScreen.storyboard; sourceTree = "<group>"; };
		6C2F0E1F23B1638A0022E854 /* Info.plist */ = {isa = PBXFileReference; lastKnownFileType = text.plist.xml; path = Info.plist; sourceTree = "<group>"; };
		6C7DB2AE23B2744D00D5DA0B /* MainTabViewController.swift */ = {isa = PBXFileReference; lastKnownFileType = sourcecode.swift; path = MainTabViewController.swift; sourceTree = "<group>"; };
		6C7DB2C523B2789A00D5DA0B /* ViewController+CollectionView.swift */ = {isa = PBXFileReference; lastKnownFileType = sourcecode.swift; path = "ViewController+CollectionView.swift"; sourceTree = "<group>"; };
		6C7DB2C723B27BD400D5DA0B /* CustomCell.swift */ = {isa = PBXFileReference; lastKnownFileType = sourcecode.swift; path = CustomCell.swift; sourceTree = "<group>"; };
		6C7DB2C923B2930E00D5DA0B /* DetailsViewController.swift */ = {isa = PBXFileReference; lastKnownFileType = sourcecode.swift; path = DetailsViewController.swift; sourceTree = "<group>"; };
		6CA7ABD823B295E700E17570 /* CardGroupSliding.swift */ = {isa = PBXFileReference; fileEncoding = 4; lastKnownFileType = sourcecode.swift; path = CardGroupSliding.swift; sourceTree = "<group>"; };
		6CA7ABD923B295E700E17570 /* DetailViewController.swift */ = {isa = PBXFileReference; fileEncoding = 4; lastKnownFileType = sourcecode.swift; path = DetailViewController.swift; sourceTree = "<group>"; };
		6CA7ABDA23B295E700E17570 /* Card.swift */ = {isa = PBXFileReference; fileEncoding = 4; lastKnownFileType = sourcecode.swift; path = Card.swift; sourceTree = "<group>"; };
		6CA7ABDB23B295E700E17570 /* CardPlayer.swift */ = {isa = PBXFileReference; fileEncoding = 4; lastKnownFileType = sourcecode.swift; path = CardPlayer.swift; sourceTree = "<group>"; };
		6CA7ABDC23B295E700E17570 /* CardHighlight.swift */ = {isa = PBXFileReference; fileEncoding = 4; lastKnownFileType = sourcecode.swift; path = CardHighlight.swift; sourceTree = "<group>"; };
		6CA7ABDD23B295E700E17570 /* Animator.swift */ = {isa = PBXFileReference; fileEncoding = 4; lastKnownFileType = sourcecode.swift; path = Animator.swift; sourceTree = "<group>"; };
		6CA7ABDE23B295E700E17570 /* LayoutHelper.swift */ = {isa = PBXFileReference; fileEncoding = 4; lastKnownFileType = sourcecode.swift; path = LayoutHelper.swift; sourceTree = "<group>"; };
		6CA7ABDF23B295E700E17570 /* CardGroup.swift */ = {isa = PBXFileReference; fileEncoding = 4; lastKnownFileType = sourcecode.swift; path = CardGroup.swift; sourceTree = "<group>"; };
		6CA7ABE023B295E700E17570 /* CardArticle.swift */ = {isa = PBXFileReference; fileEncoding = 4; lastKnownFileType = sourcecode.swift; path = CardArticle.swift; sourceTree = "<group>"; };
		6CA7ABE123B295E700E17570 /* Player_by_Patric_Piemonte.swift */ = {isa = PBXFileReference; fileEncoding = 4; lastKnownFileType = sourcecode.swift; path = Player_by_Patric_Piemonte.swift; sourceTree = "<group>"; };
/* End PBXFileReference section */

/* Begin PBXFrameworksBuildPhase section */
		6C2F0E0B23B163820022E854 /* Frameworks */ = {
			isa = PBXFrameworksBuildPhase;
			buildActionMask = 2147483647;
			files = (
			);
			runOnlyForDeploymentPostprocessing = 0;
		};
/* End PBXFrameworksBuildPhase section */

/* Begin PBXGroup section */
		11731EA73E3A8ED93427CE4D /* Pods */ = {
			isa = PBXGroup;
			children = (
			);
			path = Pods;
			sourceTree = "<group>";
		};
		6C2F0E0523B163820022E854 = {
			isa = PBXGroup;
			children = (
				6C2F0E1023B163820022E854 /* NewsAPI */,
				6C2F0E0F23B163820022E854 /* Products */,
				11731EA73E3A8ED93427CE4D /* Pods */,
			);
			sourceTree = "<group>";
		};
		6C2F0E0F23B163820022E854 /* Products */ = {
			isa = PBXGroup;
			children = (
				6C2F0E0E23B163820022E854 /* NewsAPI.app */,
			);
			name = Products;
			sourceTree = "<group>";
		};
		6C2F0E1023B163820022E854 /* NewsAPI */ = {
			isa = PBXGroup;
			children = (
				6CA7ABD723B295E700E17570 /* CardSource */,
				6C2F0E1123B163820022E854 /* AppDelegate.swift */,
				6C2F0E1323B163820022E854 /* SceneDelegate.swift */,
				6C2F0E1523B163820022E854 /* ViewController.swift */,
				6C2F0E1A23B163890022E854 /* Assets.xcassets */,
				6C2F0E1C23B163890022E854 /* LaunchScreen.storyboard */,
				6C2F0E1F23B1638A0022E854 /* Info.plist */,
				6C7DB2AE23B2744D00D5DA0B /* MainTabViewController.swift */,
				6C7DB2C523B2789A00D5DA0B /* ViewController+CollectionView.swift */,
				6C7DB2C723B27BD400D5DA0B /* CustomCell.swift */,
				6C7DB2C923B2930E00D5DA0B /* DetailsViewController.swift */,
			);
			path = NewsAPI;
			sourceTree = "<group>";
		};
		6CA7ABD723B295E700E17570 /* CardSource */ = {
			isa = PBXGroup;
			children = (
				6CA7ABD823B295E700E17570 /* CardGroupSliding.swift */,
				6CA7ABD923B295E700E17570 /* DetailViewController.swift */,
				6CA7ABDA23B295E700E17570 /* Card.swift */,
				6CA7ABDB23B295E700E17570 /* CardPlayer.swift */,
				6CA7ABDC23B295E700E17570 /* CardHighlight.swift */,
				6CA7ABDD23B295E700E17570 /* Animator.swift */,
				6CA7ABDE23B295E700E17570 /* LayoutHelper.swift */,
				6CA7ABDF23B295E700E17570 /* CardGroup.swift */,
				6CA7ABE023B295E700E17570 /* CardArticle.swift */,
				6CA7ABE123B295E700E17570 /* Player_by_Patric_Piemonte.swift */,
			);
			path = CardSource;
			sourceTree = "<group>";
		};
/* End PBXGroup section */

/* Begin PBXNativeTarget section */
		6C2F0E0D23B163820022E854 /* NewsAPI */ = {
			isa = PBXNativeTarget;
			buildConfigurationList = 6C2F0E2223B1638A0022E854 /* Build configuration list for PBXNativeTarget "NewsAPI" */;
			buildPhases = (
				6C2F0E0A23B163820022E854 /* Sources */,
				6C2F0E0B23B163820022E854 /* Frameworks */,
				6C2F0E0C23B163820022E854 /* Resources */,
			);
			buildRules = (
			);
			dependencies = (
			);
			name = NewsAPI;
			productName = NewsAPI;
			productReference = 6C2F0E0E23B163820022E854 /* NewsAPI.app */;
			productType = "com.apple.product-type.application";
		};
/* End PBXNativeTarget section */

/* Begin PBXProject section */
		6C2F0E0623B163820022E854 /* Project object */ = {
			isa = PBXProject;
			attributes = {
				LastSwiftUpdateCheck = 1100;
				LastUpgradeCheck = 1100;
				ORGANIZATIONNAME = "M'haimdat omar";
				TargetAttributes = {
					6C2F0E0D23B163820022E854 = {
						CreatedOnToolsVersion = 11.0;
					};
				};
			};
			buildConfigurationList = 6C2F0E0923B163820022E854 /* Build configuration list for PBXProject "NewsAPI" */;
			compatibilityVersion = "Xcode 9.3";
			developmentRegion = en;
			hasScannedForEncodings = 0;
			knownRegions = (
				en,
				Base,
			);
			mainGroup = 6C2F0E0523B163820022E854;
			productRefGroup = 6C2F0E0F23B163820022E854 /* Products */;
			projectDirPath = "";
			projectRoot = "";
			targets = (
				6C2F0E0D23B163820022E854 /* NewsAPI */,
			);
		};
/* End PBXProject section */

/* Begin PBXResourcesBuildPhase section */
		6C2F0E0C23B163820022E854 /* Resources */ = {
			isa = PBXResourcesBuildPhase;
			buildActionMask = 2147483647;
			files = (
				6C2F0E1E23B163890022E854 /* LaunchScreen.storyboard in Resources */,
				6C2F0E1B23B163890022E854 /* Assets.xcassets in Resources */,
			);
			runOnlyForDeploymentPostprocessing = 0;
		};
/* End PBXResourcesBuildPhase section */

/* Begin PBXSourcesBuildPhase section */
		6C2F0E0A23B163820022E854 /* Sources */ = {
			isa = PBXSourcesBuildPhase;
			buildActionMask = 2147483647;
			files = (
				6CA7ABE523B295E700E17570 /* CardPlayer.swift in Sources */,
				6CA7ABE923B295E700E17570 /* CardGroup.swift in Sources */,
				6CA7ABE323B295E700E17570 /* DetailViewController.swift in Sources */,
				6C2F0E1623B163820022E854 /* ViewController.swift in Sources */,
				6C7DB2AF23B2744D00D5DA0B /* MainTabViewController.swift in Sources */,
				6CA7ABEB23B295E700E17570 /* Player_by_Patric_Piemonte.swift in Sources */,
				6CA7ABE623B295E700E17570 /* CardHighlight.swift in Sources */,
				6CA7ABE223B295E700E17570 /* CardGroupSliding.swift in Sources */,
				6C2F0E1223B163820022E854 /* AppDelegate.swift in Sources */,
				6CA7ABE723B295E700E17570 /* Animator.swift in Sources */,
				6C2F0E1423B163820022E854 /* SceneDelegate.swift in Sources */,
				6CA7ABEA23B295E700E17570 /* CardArticle.swift in Sources */,
				6C7DB2CA23B2930E00D5DA0B /* DetailsViewController.swift in Sources */,
				6CA7ABE423B295E700E17570 /* Card.swift in Sources */,
				6C7DB2C823B27BD400D5DA0B /* CustomCell.swift in Sources */,
				6C7DB2C623B2789A00D5DA0B /* ViewController+CollectionView.swift in Sources */,
				6CA7ABE823B295E700E17570 /* LayoutHelper.swift in Sources */,
			);
			runOnlyForDeploymentPostprocessing = 0;
		};
/* End PBXSourcesBuildPhase section */

/* Begin PBXVariantGroup section */
		6C2F0E1C23B163890022E854 /* LaunchScreen.storyboard */ = {
			isa = PBXVariantGroup;
			children = (
				6C2F0E1D23B163890022E854 /* Base */,
			);
			name = LaunchScreen.storyboard;
			sourceTree = "<group>";
		};
/* End PBXVariantGroup section */

/* Begin XCBuildConfiguration section */
		6C2F0E2023B1638A0022E854 /* Debug */ = {
			isa = XCBuildConfiguration;
			buildSettings = {
				ALWAYS_SEARCH_USER_PATHS = NO;
				CLANG_ANALYZER_NONNULL = YES;
				CLANG_ANALYZER_NUMBER_OBJECT_CONVERSION = YES_AGGRESSIVE;
				CLANG_CXX_LANGUAGE_STANDARD = "gnu++14";
				CLANG_CXX_LIBRARY = "libc++";
				CLANG_ENABLE_MODULES = YES;
				CLANG_ENABLE_OBJC_ARC = YES;
				CLANG_ENABLE_OBJC_WEAK = YES;
				CLANG_WARN_BLOCK_CAPTURE_AUTORELEASING = YES;
				CLANG_WARN_BOOL_CONVERSION = YES;
				CLANG_WARN_COMMA = YES;
				CLANG_WARN_CONSTANT_CONVERSION = YES;
				CLANG_WARN_DEPRECATED_OBJC_IMPLEMENTATIONS = YES;
				CLANG_WARN_DIRECT_OBJC_ISA_USAGE = YES_ERROR;
				CLANG_WARN_DOCUMENTATION_COMMENTS = YES;
				CLANG_WARN_EMPTY_BODY = YES;
				CLANG_WARN_ENUM_CONVERSION = YES;
				CLANG_WARN_INFINITE_RECURSION = YES;
				CLANG_WARN_INT_CONVERSION = YES;
				CLANG_WARN_NON_LITERAL_NULL_CONVERSION = YES;
				CLANG_WARN_OBJC_IMPLICIT_RETAIN_SELF = YES;
				CLANG_WARN_OBJC_LITERAL_CONVERSION = YES;
				CLANG_WARN_OBJC_ROOT_CLASS = YES_ERROR;
				CLANG_WARN_RANGE_LOOP_ANALYSIS = YES;
				CLANG_WARN_STRICT_PROTOTYPES = YES;
				CLANG_WARN_SUSPICIOUS_MOVE = YES;
				CLANG_WARN_UNGUARDED_AVAILABILITY = YES_AGGRESSIVE;
				CLANG_WARN_UNREACHABLE_CODE = YES;
				CLANG_WARN__DUPLICATE_METHOD_MATCH = YES;
				COPY_PHASE_STRIP = NO;
				DEBUG_INFORMATION_FORMAT = dwarf;
				ENABLE_STRICT_OBJC_MSGSEND = YES;
				ENABLE_TESTABILITY = YES;
				GCC_C_LANGUAGE_STANDARD = gnu11;
				GCC_DYNAMIC_NO_PIC = NO;
				GCC_NO_COMMON_BLOCKS = YES;
				GCC_OPTIMIZATION_LEVEL = 0;
				GCC_PREPROCESSOR_DEFINITIONS = (
					"DEBUG=1",
					"$(inherited)",
				);
				GCC_WARN_64_TO_32_BIT_CONVERSION = YES;
				GCC_WARN_ABOUT_RETURN_TYPE = YES_ERROR;
				GCC_WARN_UNDECLARED_SELECTOR = YES;
				GCC_WARN_UNINITIALIZED_AUTOS = YES_AGGRESSIVE;
				GCC_WARN_UNUSED_FUNCTION = YES;
				GCC_WARN_UNUSED_VARIABLE = YES;
				IPHONEOS_DEPLOYMENT_TARGET = 13.0;
				MTL_ENABLE_DEBUG_INFO = INCLUDE_SOURCE;
				MTL_FAST_MATH = YES;
				ONLY_ACTIVE_ARCH = YES;
				SDKROOT = iphoneos;
				SWIFT_ACTIVE_COMPILATION_CONDITIONS = DEBUG;
				SWIFT_OPTIMIZATION_LEVEL = "-Onone";
			};
			name = Debug;
		};
		6C2F0E2123B1638A0022E854 /* Release */ = {
			isa = XCBuildConfiguration;
			buildSettings = {
				ALWAYS_SEARCH_USER_PATHS = NO;
				CLANG_ANALYZER_NONNULL = YES;
				CLANG_ANALYZER_NUMBER_OBJECT_CONVERSION = YES_AGGRESSIVE;
				CLANG_CXX_LANGUAGE_STANDARD = "gnu++14";
				CLANG_CXX_LIBRARY = "libc++";
				CLANG_ENABLE_MODULES = YES;
				CLANG_ENABLE_OBJC_ARC = YES;
				CLANG_ENABLE_OBJC_WEAK = YES;
				CLANG_WARN_BLOCK_CAPTURE_AUTORELEASING = YES;
				CLANG_WARN_BOOL_CONVERSION = YES;
				CLANG_WARN_COMMA = YES;
				CLANG_WARN_CONSTANT_CONVERSION = YES;
				CLANG_WARN_DEPRECATED_OBJC_IMPLEMENTATIONS = YES;
				CLANG_WARN_DIRECT_OBJC_ISA_USAGE = YES_ERROR;
				CLANG_WARN_DOCUMENTATION_COMMENTS = YES;
				CLANG_WARN_EMPTY_BODY = YES;
				CLANG_WARN_ENUM_CONVERSION = YES;
				CLANG_WARN_INFINITE_RECURSION = YES;
				CLANG_WARN_INT_CONVERSION = YES;
				CLANG_WARN_NON_LITERAL_NULL_CONVERSION = YES;
				CLANG_WARN_OBJC_IMPLICIT_RETAIN_SELF = YES;
				CLANG_WARN_OBJC_LITERAL_CONVERSION = YES;
				CLANG_WARN_OBJC_ROOT_CLASS = YES_ERROR;
				CLANG_WARN_RANGE_LOOP_ANALYSIS = YES;
				CLANG_WARN_STRICT_PROTOTYPES = YES;
				CLANG_WARN_SUSPICIOUS_MOVE = YES;
				CLANG_WARN_UNGUARDED_AVAILABILITY = YES_AGGRESSIVE;
				CLANG_WARN_UNREACHABLE_CODE = YES;
				CLANG_WARN__DUPLICATE_METHOD_MATCH = YES;
				COPY_PHASE_STRIP = NO;
				DEBUG_INFORMATION_FORMAT = "dwarf-with-dsym";
				ENABLE_NS_ASSERTIONS = NO;
				ENABLE_STRICT_OBJC_MSGSEND = YES;
				GCC_C_LANGUAGE_STANDARD = gnu11;
				GCC_NO_COMMON_BLOCKS = YES;
				GCC_WARN_64_TO_32_BIT_CONVERSION = YES;
				GCC_WARN_ABOUT_RETURN_TYPE = YES_ERROR;
				GCC_WARN_UNDECLARED_SELECTOR = YES;
				GCC_WARN_UNINITIALIZED_AUTOS = YES_AGGRESSIVE;
				GCC_WARN_UNUSED_FUNCTION = YES;
				GCC_WARN_UNUSED_VARIABLE = YES;
				IPHONEOS_DEPLOYMENT_TARGET = 13.0;
				MTL_ENABLE_DEBUG_INFO = NO;
				MTL_FAST_MATH = YES;
				SDKROOT = iphoneos;
				SWIFT_COMPILATION_MODE = wholemodule;
				SWIFT_OPTIMIZATION_LEVEL = "-O";
				VALIDATE_PRODUCT = YES;
			};
			name = Release;
		};
		6C2F0E2323B1638A0022E854 /* Debug */ = {
			isa = XCBuildConfiguration;
			buildSettings = {
				ASSETCATALOG_COMPILER_APPICON_NAME = AppIcon;
				CODE_SIGN_STYLE = Automatic;
				DEVELOPMENT_TEAM = KF6724J2G9;
				INFOPLIST_FILE = NewsAPI/Info.plist;
				LD_RUNPATH_SEARCH_PATHS = (
					"$(inherited)",
					"@executable_path/Frameworks",
				);
				PRODUCT_BUNDLE_IDENTIFIER = omar.NewsAPI;
				PRODUCT_NAME = "$(TARGET_NAME)";
				SWIFT_VERSION = 5.0;
				TARGETED_DEVICE_FAMILY = "1,2";
			};
			name = Debug;
		};
		6C2F0E2423B1638A0022E854 /* Release */ = {
			isa = XCBuildConfiguration;
			buildSettings = {
				ASSETCATALOG_COMPILER_APPICON_NAME = AppIcon;
				CODE_SIGN_STYLE = Automatic;
				DEVELOPMENT_TEAM = KF6724J2G9;
				INFOPLIST_FILE = NewsAPI/Info.plist;
				LD_RUNPATH_SEARCH_PATHS = (
					"$(inherited)",
					"@executable_path/Frameworks",
				);
				PRODUCT_BUNDLE_IDENTIFIER = omar.NewsAPI;
				PRODUCT_NAME = "$(TARGET_NAME)";
				SWIFT_VERSION = 5.0;
				TARGETED_DEVICE_FAMILY = "1,2";
			};
			name = Release;
		};
/* End XCBuildConfiguration section */

/* Begin XCConfigurationList section */
		6C2F0E0923B163820022E854 /* Build configuration list for PBXProject "NewsAPI" */ = {
			isa = XCConfigurationList;
			buildConfigurations = (
				6C2F0E2023B1638A0022E854 /* Debug */,
				6C2F0E2123B1638A0022E854 /* Release */,
			);
			defaultConfigurationIsVisible = 0;
			defaultConfigurationName = Release;
		};
		6C2F0E2223B1638A0022E854 /* Build configuration list for PBXNativeTarget "NewsAPI" */ = {
			isa = XCConfigurationList;
			buildConfigurations = (
				6C2F0E2323B1638A0022E854 /* Debug */,
				6C2F0E2423B1638A0022E854 /* Release */,
			);
			defaultConfigurationIsVisible = 0;
			defaultConfigurationName = Release;
		};
/* End XCConfigurationList section */
	};
	rootObject = 6C2F0E0623B163820022E854 /* Project object */;
}
